
Microsoft Visual Studio Solution File, Format Version 12.00
# Visual Studio 15
VisualStudioVersion = 15.0.28307.136
MinimumVisualStudioVersion = 10.0.40219.1
Project("{8BC9CEB8-8B4A-11D0-8D11-00A0C91BC942}") = "lab3", "lab3\lab3.vcxproj", "{B5B632F4-CCC9-4A43-9879-94CF582BC79D}"
EndProject
Project("{8BC9CEB8-8B4A-11D0-8D11-00A0C91BC942}") = "lab1", "lab1\lab1.vcxproj", "{C82198A1-0EFE-4B4F-BC00-8F37CC924115}"
EndProject
Project("{8BC9CEB8-8B4A-11D0-8D11-00A0C91BC942}") = "lab2", "lab2\lab2.vcxproj", "{AE99F7E2-0449-4CDE-A027-8C74A139DE30}"
EndProject
Global
	GlobalSection(SolutionConfigurationPlatforms) = preSolution
		Debug|x64 = Debug|x64
		Debug|x86 = Debug|x86
		Release|x64 = Release|x64
		Release|x86 = Release|x86
	EndGlobalSection
	GlobalSection(ProjectConfigurationPlatforms) = postSolution
		{B5B632F4-CCC9-4A43-9879-94CF582BC79D}.Debug|x64.ActiveCfg = Debug|x64
		{B5B632F4-CCC9-4A43-9879-94CF582BC79D}.Debug|x64.Build.0 = Debug|x64
		{B5B632F4-CCC9-4A43-9879-94CF582BC79D}.Debug|x86.ActiveCfg = Debug|Win32
		{B5B632F4-CCC9-4A43-9879-94CF582BC79D}.Debug|x86.Build.0 = Debug|Win32
		{B5B632F4-CCC9-4A43-9879-94CF582BC79D}.Release|x64.ActiveCfg = Release|x64
		{B5B632F4-CCC9-4A43-9879-94CF582BC79D}.Release|x64.Build.0 = Release|x64
		{B5B632F4-CCC9-4A43-9879-94CF582BC79D}.Release|x86.ActiveCfg = Release|Win32
		{B5B632F4-CCC9-4A43-9879-94CF582BC79D}.Release|x86.Build.0 = Release|Win32
		{C82198A1-0EFE-4B4F-BC00-8F37CC924115}.Debug|x64.ActiveCfg = Debug|x64
		{C82198A1-0EFE-4B4F-BC00-8F37CC924115}.Debug|x64.Build.0 = Debug|x64
		{C82198A1-0EFE-4B4F-BC00-8F37CC924115}.Debug|x86.ActiveCfg = Debug|Win32
		{C82198A1-0EFE-4B4F-BC00-8F37CC924115}.Debug|x86.Build.0 = Debug|Win32
		{C82198A1-0EFE-4B4F-BC00-8F37CC924115}.Release|x64.ActiveCfg = Release|x64
		{C82198A1-0EFE-4B4F-BC00-8F37CC924115}.Release|x64.Build.0 = Release|x64
		{C82198A1-0EFE-4B4F-BC00-8F37CC924115}.Release|x86.ActiveCfg = Release|Win32
		{C82198A1-0EFE-4B4F-BC00-8F37CC924115}.Release|x86.Build.0 = Release|Win32
		{AE99F7E2-0449-4CDE-A027-8C74A139DE30}.Debug|x64.ActiveCfg = Debug|x64
		{AE99F7E2-0449-4CDE-A027-8C74A139DE30}.Debug|x64.Build.0 = Debug|x64
		{AE99F7E2-0449-4CDE-A027-8C74A139DE30}.Debug|x86.ActiveCfg = Debug|Win32
		{AE99F7E2-0449-4CDE-A027-8C74A139DE30}.Debug|x86.Build.0 = Debug|Win32
		{AE99F7E2-0449-4CDE-A027-8C74A139DE30}.Release|x64.ActiveCfg = Release|x64
		{AE99F7E2-0449-4CDE-A027-8C74A139DE30}.Release|x64.Build.0 = Release|x64
		{AE99F7E2-0449-4CDE-A027-8C74A139DE30}.Release|x86.ActiveCfg = Release|Win32
		{AE99F7E2-0449-4CDE-A027-8C74A139DE30}.Release|x86.Build.0 = Release|Win32
	EndGlobalSection
	GlobalSection(SolutionProperties) = preSolution
		HideSolutionNode = FALSE
	EndGlobalSection
	GlobalSection(ExtensibilityGlobals) = postSolution
		SolutionGuid = {D98073CC-9AF8-48B7-A412-1B121E313B44}
	EndGlobalSection
EndGlobal
